# This file is automatically @generated by Cargo.
# It is not intended for manual editing.
[[package]]
name = "a_different_problem"
version = "0.1.0"

[[package]]
name = "addemup"
version = "0.1.0"

[[package]]
name = "autori"
version = "0.1.0"

[[package]]
name = "carrots"
version = "0.1.0"

[[package]]
name = "cold"
version = "0.1.0"

[[package]]
name = "divideby100"
version = "0.1.0"

[[package]]
name = "greetings2"
version = "0.1.0"

[[package]]
name = "hello"
version = "0.1.0"

[[package]]
name = "jackolanternjuxtaposition"
version = "0.1.0"

[[package]]
name = "pet"
version = "0.1.0"

[[package]]
name = "pieceofcake2"
version = "0.1.0"

[[package]]
name = "planina"
version = "0.1.0"

[[package]]
name = "pot"
version = "0.1.0"

[[package]]
name = "qaly"
version = "0.1.0"

[[package]]
name = "quadrant"
version = "0.1.0"

[[package]]
name = "r2"
version = "0.1.0"

[[package]]
name = "shatteredcake"
version = "0.1.0"

[[package]]
name = "sibice"
version = "0.1.0"

[[package]]
name = "simonsays"
version = "0.1.0"

[[package]]
name = "stopwatch"
version = "0.1.0"

[[package]]
name = "tarifa"
version = "0.1.0"

[[package]]
name = "timeloop"
version = "0.1.0"

[[package]]
name = "twostones"
version = "0.1.0"

[[package]]
name = "whatdoesthefoxsay"
version = "0.1.0"

